// !$*UTF8*$!
{
	archiveVersion = 1;
	classes = {
	};
	objectVersion = 50;
	objects = {

/* Begin PBXBuildFile section */
		550DB80D2178CA8400770D2D /* BasicOperatorsController.swift in Sources */ = {isa = PBXBuildFile; fileRef = 550DB80C2178CA8400770D2D /* BasicOperatorsController.swift */; };
		55105B95217F66F700DF9E25 /* CollectionTypesController.swift in Sources */ = {isa = PBXBuildFile; fileRef = 55105B94217F66F700DF9E25 /* CollectionTypesController.swift */; };
		553247ED217E211D00F34343 /* StringsAndCharactersController.swift in Sources */ = {isa = PBXBuildFile; fileRef = 553247EC217E211D00F34343 /* StringsAndCharactersController.swift */; };
		5545C35D218044C400F42A2B /* ControlFlowController.swift in Sources */ = {isa = PBXBuildFile; fileRef = 5545C35C218044C400F42A2B /* ControlFlowController.swift */; };
		5545C35F2180682600F42A2B /* FunctionsController.swift in Sources */ = {isa = PBXBuildFile; fileRef = 5545C35E2180682600F42A2B /* FunctionsController.swift */; };
		5548AB9C217890EA006B2232 /* AppDelegate.swift in Sources */ = {isa = PBXBuildFile; fileRef = 5548AB9B217890EA006B2232 /* AppDelegate.swift */; };
		5548AB9E217890EA006B2232 /* ViewController.swift in Sources */ = {isa = PBXBuildFile; fileRef = 5548AB9D217890EA006B2232 /* ViewController.swift */; };
		5548ABA1217890EA006B2232 /* Main.storyboard in Resources */ = {isa = PBXBuildFile; fileRef = 5548AB9F217890EA006B2232 /* Main.storyboard */; };
		5548ABA3217890EC006B2232 /* Assets.xcassets in Resources */ = {isa = PBXBuildFile; fileRef = 5548ABA2217890EC006B2232 /* Assets.xcassets */; };
		5548ABA6217890EC006B2232 /* LaunchScreen.storyboard in Resources */ = {isa = PBXBuildFile; fileRef = 5548ABA4217890EC006B2232 /* LaunchScreen.storyboard */; };
		5548ABBB2178A63A006B2232 /* TourViewController.swift in Sources */ = {isa = PBXBuildFile; fileRef = 5548ABB92178A63A006B2232 /* TourViewController.swift */; };
		5548ABBC2178A63A006B2232 /* TheBasicsViewController.swift in Sources */ = {isa = PBXBuildFile; fileRef = 5548ABBA2178A63A006B2232 /* TheBasicsViewController.swift */; };
		5550903C2181669B00EDAF34 /* ClosuresController.swift in Sources */ = {isa = PBXBuildFile; fileRef = 5550903B2181669B00EDAF34 /* ClosuresController.swift */; };
		5550903E2181C85C00EDAF34 /* EnumerationsController.swift in Sources */ = {isa = PBXBuildFile; fileRef = 5550903D2181C85C00EDAF34 /* EnumerationsController.swift */; };
		555A582F21821BD800AAE90C /* StructuresAndClassesController.swift in Sources */ = {isa = PBXBuildFile; fileRef = 555A582E21821BD800AAE90C /* StructuresAndClassesController.swift */; };
		555A583121821CAC00AAE90C /* PropertiesController.swift in Sources */ = {isa = PBXBuildFile; fileRef = 555A583021821CAC00AAE90C /* PropertiesController.swift */; };
		555A583321821CB600AAE90C /* MethodsController.swift in Sources */ = {isa = PBXBuildFile; fileRef = 555A583221821CB600AAE90C /* MethodsController.swift */; };
		555A583521821CC000AAE90C /* SubscriptsController.swift in Sources */ = {isa = PBXBuildFile; fileRef = 555A583421821CC000AAE90C /* SubscriptsController.swift */; };
		555A583721821CCB00AAE90C /* InheritanceController.swift in Sources */ = {isa = PBXBuildFile; fileRef = 555A583621821CCB00AAE90C /* InheritanceController.swift */; };
		555A583921821CD400AAE90C /* InitializationController.swift in Sources */ = {isa = PBXBuildFile; fileRef = 555A583821821CD400AAE90C /* InitializationController.swift */; };
		555A583B21821CDC00AAE90C /* DeinitializationController.swift in Sources */ = {isa = PBXBuildFile; fileRef = 555A583A21821CDC00AAE90C /* DeinitializationController.swift */; };
		555A583D21821CE800AAE90C /* OptionalChainingController.swift in Sources */ = {isa = PBXBuildFile; fileRef = 555A583C21821CE800AAE90C /* OptionalChainingController.swift */; };
		555A583F21821CF200AAE90C /* ErrorHandlingController.swift in Sources */ = {isa = PBXBuildFile; fileRef = 555A583E21821CF200AAE90C /* ErrorHandlingController.swift */; };
		555A584121821CFD00AAE90C /* TypeCastingController.swift in Sources */ = {isa = PBXBuildFile; fileRef = 555A584021821CFD00AAE90C /* TypeCastingController.swift */; };
		555A584321821D0A00AAE90C /* NestedTypesController.swift in Sources */ = {isa = PBXBuildFile; fileRef = 555A584221821D0A00AAE90C /* NestedTypesController.swift */; };
		555A584521821D1200AAE90C /* ExtensionsController.swift in Sources */ = {isa = PBXBuildFile; fileRef = 555A584421821D1200AAE90C /* ExtensionsController.swift */; };
		555A584721821D2500AAE90C /* ProtocolsController.swift in Sources */ = {isa = PBXBuildFile; fileRef = 555A584621821D2500AAE90C /* ProtocolsController.swift */; };
		555A584921821D2E00AAE90C /* GenericsController.swift in Sources */ = {isa = PBXBuildFile; fileRef = 555A584821821D2E00AAE90C /* GenericsController.swift */; };
		555A584B21821D3D00AAE90C /* AutomaticReferenceCountingController.swift in Sources */ = {isa = PBXBuildFile; fileRef = 555A584A21821D3D00AAE90C /* AutomaticReferenceCountingController.swift */; };
		555A584D21821D4A00AAE90C /* MemorySafetyController.swift in Sources */ = {isa = PBXBuildFile; fileRef = 555A584C21821D4A00AAE90C /* MemorySafetyController.swift */; };
		555A584F21821D5400AAE90C /* AccessControlController.swift in Sources */ = {isa = PBXBuildFile; fileRef = 555A584E21821D5400AAE90C /* AccessControlController.swift */; };
		555A585121821D6200AAE90C /* AdvancedOperatorsController.swift in Sources */ = {isa = PBXBuildFile; fileRef = 555A585021821D6200AAE90C /* AdvancedOperatorsController.swift */; };
/* End PBXBuildFile section */

/* Begin PBXFileReference section */
		550DB80C2178CA8400770D2D /* BasicOperatorsController.swift */ = {isa = PBXFileReference; lastKnownFileType = sourcecode.swift; path = BasicOperatorsController.swift; sourceTree = "<group>"; };
		55105B94217F66F700DF9E25 /* CollectionTypesController.swift */ = {isa = PBXFileReference; lastKnownFileType = sourcecode.swift; path = CollectionTypesController.swift; sourceTree = "<group>"; };
		553247EC217E211D00F34343 /* StringsAndCharactersController.swift */ = {isa = PBXFileReference; lastKnownFileType = sourcecode.swift; path = StringsAndCharactersController.swift; sourceTree = "<group>"; };
		5545C35C218044C400F42A2B /* ControlFlowController.swift */ = {isa = PBXFileReference; lastKnownFileType = sourcecode.swift; path = ControlFlowController.swift; sourceTree = "<group>"; };
		5545C35E2180682600F42A2B /* FunctionsController.swift */ = {isa = PBXFileReference; lastKnownFileType = sourcecode.swift; path = FunctionsController.swift; sourceTree = "<group>"; };
		5548AB98217890EA006B2232 /* SwiftGuide.app */ = {isa = PBXFileReference; explicitFileType = wrapper.application; includeInIndex = 0; path = SwiftGuide.app; sourceTree = BUILT_PRODUCTS_DIR; };
		5548AB9B217890EA006B2232 /* AppDelegate.swift */ = {isa = PBXFileReference; lastKnownFileType = sourcecode.swift; path = AppDelegate.swift; sourceTree = "<group>"; };
		5548AB9D217890EA006B2232 /* ViewController.swift */ = {isa = PBXFileReference; lastKnownFileType = sourcecode.swift; path = ViewController.swift; sourceTree = "<group>"; };
		5548ABA0217890EA006B2232 /* Base */ = {isa = PBXFileReference; lastKnownFileType = file.storyboard; name = Base; path = Base.lproj/Main.storyboard; sourceTree = "<group>"; };
		5548ABA2217890EC006B2232 /* Assets.xcassets */ = {isa = PBXFileReference; lastKnownFileType = folder.assetcatalog; path = Assets.xcassets; sourceTree = "<group>"; };
		5548ABA5217890EC006B2232 /* Base */ = {isa = PBXFileReference; lastKnownFileType = file.storyboard; name = Base; path = Base.lproj/LaunchScreen.storyboard; sourceTree = "<group>"; };
		5548ABA7217890EC006B2232 /* Info.plist */ = {isa = PBXFileReference; lastKnownFileType = text.plist.xml; path = Info.plist; sourceTree = "<group>"; };
		5548ABB92178A63A006B2232 /* TourViewController.swift */ = {isa = PBXFileReference; fileEncoding = 4; lastKnownFileType = sourcecode.swift; path = TourViewController.swift; sourceTree = "<group>"; };
		5548ABBA2178A63A006B2232 /* TheBasicsViewController.swift */ = {isa = PBXFileReference; fileEncoding = 4; lastKnownFileType = sourcecode.swift; path = TheBasicsViewController.swift; sourceTree = "<group>"; };
		5550903B2181669B00EDAF34 /* ClosuresController.swift */ = {isa = PBXFileReference; lastKnownFileType = sourcecode.swift; path = ClosuresController.swift; sourceTree = "<group>"; };
		5550903D2181C85C00EDAF34 /* EnumerationsController.swift */ = {isa = PBXFileReference; lastKnownFileType = sourcecode.swift; path = EnumerationsController.swift; sourceTree = "<group>"; };
		555A582E21821BD800AAE90C /* StructuresAndClassesController.swift */ = {isa = PBXFileReference; lastKnownFileType = sourcecode.swift; path = StructuresAndClassesController.swift; sourceTree = "<group>"; };
		555A583021821CAC00AAE90C /* PropertiesController.swift */ = {isa = PBXFileReference; lastKnownFileType = sourcecode.swift; path = PropertiesController.swift; sourceTree = "<group>"; };
		555A583221821CB600AAE90C /* MethodsController.swift */ = {isa = PBXFileReference; lastKnownFileType = sourcecode.swift; path = MethodsController.swift; sourceTree = "<group>"; };
		555A583421821CC000AAE90C /* SubscriptsController.swift */ = {isa = PBXFileReference; lastKnownFileType = sourcecode.swift; path = SubscriptsController.swift; sourceTree = "<group>"; };
		555A583621821CCB00AAE90C /* InheritanceController.swift */ = {isa = PBXFileReference; lastKnownFileType = sourcecode.swift; path = InheritanceController.swift; sourceTree = "<group>"; };
		555A583821821CD400AAE90C /* InitializationController.swift */ = {isa = PBXFileReference; lastKnownFileType = sourcecode.swift; path = InitializationController.swift; sourceTree = "<group>"; };
		555A583A21821CDC00AAE90C /* DeinitializationController.swift */ = {isa = PBXFileReference; lastKnownFileType = sourcecode.swift; path = DeinitializationController.swift; sourceTree = "<group>"; };
		555A583C21821CE800AAE90C /* OptionalChainingController.swift */ = {isa = PBXFileReference; lastKnownFileType = sourcecode.swift; path = OptionalChainingController.swift; sourceTree = "<group>"; };
		555A583E21821CF200AAE90C /* ErrorHandlingController.swift */ = {isa = PBXFileReference; lastKnownFileType = sourcecode.swift; path = ErrorHandlingController.swift; sourceTree = "<group>"; };
		555A584021821CFD00AAE90C /* TypeCastingController.swift */ = {isa = PBXFileReference; lastKnownFileType = sourcecode.swift; path = TypeCastingController.swift; sourceTree = "<group>"; };
		555A584221821D0A00AAE90C /* NestedTypesController.swift */ = {isa = PBXFileReference; lastKnownFileType = sourcecode.swift; path = NestedTypesController.swift; sourceTree = "<group>"; };
		555A584421821D1200AAE90C /* ExtensionsController.swift */ = {isa = PBXFileReference; lastKnownFileType = sourcecode.swift; path = ExtensionsController.swift; sourceTree = "<group>"; };
		555A584621821D2500AAE90C /* ProtocolsController.swift */ = {isa = PBXFileReference; lastKnownFileType = sourcecode.swift; path = ProtocolsController.swift; sourceTree = "<group>"; };
		555A584821821D2E00AAE90C /* GenericsController.swift */ = {isa = PBXFileReference; lastKnownFileType = sourcecode.swift; path = GenericsController.swift; sourceTree = "<group>"; };
		555A584A21821D3D00AAE90C /* AutomaticReferenceCountingController.swift */ = {isa = PBXFileReference; lastKnownFileType = sourcecode.swift; path = AutomaticReferenceCountingController.swift; sourceTree = "<group>"; };
		555A584C21821D4A00AAE90C /* MemorySafetyController.swift */ = {isa = PBXFileReference; lastKnownFileType = sourcecode.swift; path = MemorySafetyController.swift; sourceTree = "<group>"; };
		555A584E21821D5400AAE90C /* AccessControlController.swift */ = {isa = PBXFileReference; lastKnownFileType = sourcecode.swift; path = AccessControlController.swift; sourceTree = "<group>"; };
		555A585021821D6200AAE90C /* AdvancedOperatorsController.swift */ = {isa = PBXFileReference; lastKnownFileType = sourcecode.swift; path = AdvancedOperatorsController.swift; sourceTree = "<group>"; };
/* End PBXFileReference section */

/* Begin PBXFrameworksBuildPhase section */
		5548AB95217890EA006B2232 /* Frameworks */ = {
			isa = PBXFrameworksBuildPhase;
			buildActionMask = 2147483647;
			files = (
			);
			runOnlyForDeploymentPostprocessing = 0;
		};
/* End PBXFrameworksBuildPhase section */

/* Begin PBXGroup section */
		5548AB8F217890EA006B2232 = {
			isa = PBXGroup;
			children = (
				5548AB9A217890EA006B2232 /* SwiftGuide */,
				5548AB99217890EA006B2232 /* Products */,
			);
			sourceTree = "<group>";
		};
		5548AB99217890EA006B2232 /* Products */ = {
			isa = PBXGroup;
			children = (
				5548AB98217890EA006B2232 /* SwiftGuide.app */,
			);
			name = Products;
			sourceTree = "<group>";
		};
		5548AB9A217890EA006B2232 /* SwiftGuide */ = {
			isa = PBXGroup;
			children = (
				5548AB9B217890EA006B2232 /* AppDelegate.swift */,
				5548AB9D217890EA006B2232 /* ViewController.swift */,
				5548ABB92178A63A006B2232 /* TourViewController.swift */,
				5548ABBA2178A63A006B2232 /* TheBasicsViewController.swift */,
				550DB80C2178CA8400770D2D /* BasicOperatorsController.swift */,
				553247EC217E211D00F34343 /* StringsAndCharactersController.swift */,
				55105B94217F66F700DF9E25 /* CollectionTypesController.swift */,
				5545C35C218044C400F42A2B /* ControlFlowController.swift */,
				5545C35E2180682600F42A2B /* FunctionsController.swift */,
				5550903B2181669B00EDAF34 /* ClosuresController.swift */,
				5550903D2181C85C00EDAF34 /* EnumerationsController.swift */,
				555A582E21821BD800AAE90C /* StructuresAndClassesController.swift */,
				555A583021821CAC00AAE90C /* PropertiesController.swift */,
				555A583221821CB600AAE90C /* MethodsController.swift */,
				555A583421821CC000AAE90C /* SubscriptsController.swift */,
				555A583621821CCB00AAE90C /* InheritanceController.swift */,
				555A583821821CD400AAE90C /* InitializationController.swift */,
				555A583A21821CDC00AAE90C /* DeinitializationController.swift */,
				555A583C21821CE800AAE90C /* OptionalChainingController.swift */,
				555A583E21821CF200AAE90C /* ErrorHandlingController.swift */,
				555A584021821CFD00AAE90C /* TypeCastingController.swift */,
				555A584221821D0A00AAE90C /* NestedTypesController.swift */,
				555A584421821D1200AAE90C /* ExtensionsController.swift */,
				555A584621821D2500AAE90C /* ProtocolsController.swift */,
				555A584821821D2E00AAE90C /* GenericsController.swift */,
				555A584A21821D3D00AAE90C /* AutomaticReferenceCountingController.swift */,
				555A584C21821D4A00AAE90C /* MemorySafetyController.swift */,
				555A584E21821D5400AAE90C /* AccessControlController.swift */,
				555A585021821D6200AAE90C /* AdvancedOperatorsController.swift */,
				5548AB9F217890EA006B2232 /* Main.storyboard */,
				5548ABA2217890EC006B2232 /* Assets.xcassets */,
				5548ABA4217890EC006B2232 /* LaunchScreen.storyboard */,
				5548ABA7217890EC006B2232 /* Info.plist */,
			);
			path = SwiftGuide;
			sourceTree = "<group>";
		};
/* End PBXGroup section */

/* Begin PBXNativeTarget section */
		5548AB97217890EA006B2232 /* SwiftGuide */ = {
			isa = PBXNativeTarget;
			buildConfigurationList = 5548ABAA217890EC006B2232 /* Build configuration list for PBXNativeTarget "SwiftGuide" */;
			buildPhases = (
				5548AB94217890EA006B2232 /* Sources */,
				5548AB95217890EA006B2232 /* Frameworks */,
				5548AB96217890EA006B2232 /* Resources */,
			);
			buildRules = (
			);
			dependencies = (
			);
			name = SwiftGuide;
			productName = SwiftGuide;
			productReference = 5548AB98217890EA006B2232 /* SwiftGuide.app */;
			productType = "com.apple.product-type.application";
		};
/* End PBXNativeTarget section */

/* Begin PBXProject section */
		5548AB90217890EA006B2232 /* Project object */ = {
			isa = PBXProject;
			attributes = {
				LastSwiftUpdateCheck = 0940;
				LastUpgradeCheck = 0940;
				ORGANIZATIONNAME = ticsmatic;
				TargetAttributes = {
					5548AB97217890EA006B2232 = {
						CreatedOnToolsVersion = 9.4.1;
					};
				};
			};
			buildConfigurationList = 5548AB93217890EA006B2232 /* Build configuration list for PBXProject "SwiftGuide" */;
			compatibilityVersion = "Xcode 9.3";
			developmentRegion = en;
			hasScannedForEncodings = 0;
			knownRegions = (
				en,
				Base,
			);
			mainGroup = 5548AB8F217890EA006B2232;
			productRefGroup = 5548AB99217890EA006B2232 /* Products */;
			projectDirPath = "";
			projectRoot = "";
			targets = (
				5548AB97217890EA006B2232 /* SwiftGuide */,
			);
		};
/* End PBXProject section */

/* Begin PBXResourcesBuildPhase section */
		5548AB96217890EA006B2232 /* Resources */ = {
			isa = PBXResourcesBuildPhase;
			buildActionMask = 2147483647;
			files = (
				5548ABA6217890EC006B2232 /* LaunchScreen.storyboard in Resources */,
				5548ABA3217890EC006B2232 /* Assets.xcassets in Resources */,
				5548ABA1217890EA006B2232 /* Main.storyboard in Resources */,
			);
			runOnlyForDeploymentPostprocessing = 0;
		};
/* End PBXResourcesBuildPhase section */

/* Begin PBXSourcesBuildPhase section */
		5548AB94217890EA006B2232 /* Sources */ = {
			isa = PBXSourcesBuildPhase;
			buildActionMask = 2147483647;
			files = (
				555A584321821D0A00AAE90C /* NestedTypesController.swift in Sources */,
				555A583D21821CE800AAE90C /* OptionalChainingController.swift in Sources */,
				555A584B21821D3D00AAE90C /* AutomaticReferenceCountingController.swift in Sources */,
				5548AB9E217890EA006B2232 /* ViewController.swift in Sources */,
				555A585121821D6200AAE90C /* AdvancedOperatorsController.swift in Sources */,
				5545C35F2180682600F42A2B /* FunctionsController.swift in Sources */,
				555A583121821CAC00AAE90C /* PropertiesController.swift in Sources */,
				5548ABBC2178A63A006B2232 /* TheBasicsViewController.swift in Sources */,
				555A584F21821D5400AAE90C /* AccessControlController.swift in Sources */,
				555A584521821D1200AAE90C /* ExtensionsController.swift in Sources */,
				555A583721821CCB00AAE90C /* InheritanceController.swift in Sources */,
				555A583321821CB600AAE90C /* MethodsController.swift in Sources */,
				555A584921821D2E00AAE90C /* GenericsController.swift in Sources */,
				555A583F21821CF200AAE90C /* ErrorHandlingController.swift in Sources */,
				5550903C2181669B00EDAF34 /* ClosuresController.swift in Sources */,
				555A584121821CFD00AAE90C /* TypeCastingController.swift in Sources */,
				555A582F21821BD800AAE90C /* StructuresAndClassesController.swift in Sources */,
				555A583521821CC000AAE90C /* SubscriptsController.swift in Sources */,
				553247ED217E211D00F34343 /* StringsAndCharactersController.swift in Sources */,
				555A583921821CD400AAE90C /* InitializationController.swift in Sources */,
				555A584D21821D4A00AAE90C /* MemorySafetyController.swift in Sources */,
				5545C35D218044C400F42A2B /* ControlFlowController.swift in Sources */,
				550DB80D2178CA8400770D2D /* BasicOperatorsController.swift in Sources */,
				5548ABBB2178A63A006B2232 /* TourViewController.swift in Sources */,
				55105B95217F66F700DF9E25 /* CollectionTypesController.swift in Sources */,
				5548AB9C217890EA006B2232 /* AppDelegate.swift in Sources */,
				555A584721821D2500AAE90C /* ProtocolsController.swift in Sources */,
				555A583B21821CDC00AAE90C /* DeinitializationController.swift in Sources */,
				5550903E2181C85C00EDAF34 /* EnumerationsController.swift in Sources */,
			);
			runOnlyForDeploymentPostprocessing = 0;
		};
/* End PBXSourcesBuildPhase section */

/* Begin PBXVariantGroup section */
		5548AB9F217890EA006B2232 /* Main.storyboard */ = {
			isa = PBXVariantGroup;
			children = (
				5548ABA0217890EA006B2232 /* Base */,
			);
			name = Main.storyboard;
			sourceTree = "<group>";
		};
		5548ABA4217890EC006B2232 /* LaunchScreen.storyboard */ = {
			isa = PBXVariantGroup;
			children = (
				5548ABA5217890EC006B2232 /* Base */,
			);
			name = LaunchScreen.storyboard;
			sourceTree = "<group>";
		};
/* End PBXVariantGroup section */

/* Begin XCBuildConfiguration section */
		5548ABA8217890EC006B2232 /* Debug */ = {
			isa = XCBuildConfiguration;
			buildSettings = {
				ALWAYS_SEARCH_USER_PATHS = NO;
				CLANG_ANALYZER_NONNULL = YES;
				CLANG_ANALYZER_NUMBER_OBJECT_CONVERSION = YES_AGGRESSIVE;
				CLANG_CXX_LANGUAGE_STANDARD = "gnu++14";
				CLANG_CXX_LIBRARY = "libc++";
				CLANG_ENABLE_MODULES = YES;
				CLANG_ENABLE_OBJC_ARC = YES;
				CLANG_ENABLE_OBJC_WEAK = YES;
				CLANG_WARN_BLOCK_CAPTURE_AUTORELEASING = YES;
				CLANG_WARN_BOOL_CONVERSION = YES;
				CLANG_WARN_COMMA = YES;
				CLANG_WARN_CONSTANT_CONVERSION = YES;
				CLANG_WARN_DEPRECATED_OBJC_IMPLEMENTATIONS = YES;
				CLANG_WARN_DIRECT_OBJC_ISA_USAGE = YES_ERROR;
				CLANG_WARN_DOCUMENTATION_COMMENTS = YES;
				CLANG_WARN_EMPTY_BODY = YES;
				CLANG_WARN_ENUM_CONVERSION = YES;
				CLANG_WARN_INFINITE_RECURSION = YES;
				CLANG_WARN_INT_CONVERSION = YES;
				CLANG_WARN_NON_LITERAL_NULL_CONVERSION = YES;
				CLANG_WARN_OBJC_IMPLICIT_RETAIN_SELF = YES;
				CLANG_WARN_OBJC_LITERAL_CONVERSION = YES;
				CLANG_WARN_OBJC_ROOT_CLASS = YES_ERROR;
				CLANG_WARN_RANGE_LOOP_ANALYSIS = YES;
				CLANG_WARN_STRICT_PROTOTYPES = YES;
				CLANG_WARN_SUSPICIOUS_MOVE = YES;
				CLANG_WARN_UNGUARDED_AVAILABILITY = YES_AGGRESSIVE;
				CLANG_WARN_UNREACHABLE_CODE = YES;
				CLANG_WARN__DUPLICATE_METHOD_MATCH = YES;
				CODE_SIGN_IDENTITY = "iPhone Developer";
				COPY_PHASE_STRIP = NO;
				DEBUG_INFORMATION_FORMAT = dwarf;
				ENABLE_STRICT_OBJC_MSGSEND = YES;
				ENABLE_TESTABILITY = YES;
				GCC_C_LANGUAGE_STANDARD = gnu11;
				GCC_DYNAMIC_NO_PIC = NO;
				GCC_NO_COMMON_BLOCKS = YES;
				GCC_OPTIMIZATION_LEVEL = 0;
				GCC_PREPROCESSOR_DEFINITIONS = (
					"DEBUG=1",
					"$(inherited)",
				);
				GCC_WARN_64_TO_32_BIT_CONVERSION = YES;
				GCC_WARN_ABOUT_RETURN_TYPE = YES_ERROR;
				GCC_WARN_UNDECLARED_SELECTOR = YES;
				GCC_WARN_UNINITIALIZED_AUTOS = YES_AGGRESSIVE;
				GCC_WARN_UNUSED_FUNCTION = YES;
				GCC_WARN_UNUSED_VARIABLE = YES;
				IPHONEOS_DEPLOYMENT_TARGET = 11.4;
				MTL_ENABLE_DEBUG_INFO = YES;
				ONLY_ACTIVE_ARCH = YES;
				SDKROOT = iphoneos;
				SWIFT_ACTIVE_COMPILATION_CONDITIONS = DEBUG;
				SWIFT_OPTIMIZATION_LEVEL = "-Onone";
			};
			name = Debug;
		};
		5548ABA9217890EC006B2232 /* Release */ = {
			isa = XCBuildConfiguration;
			buildSettings = {
				ALWAYS_SEARCH_USER_PATHS = NO;
				CLANG_ANALYZER_NONNULL = YES;
				CLANG_ANALYZER_NUMBER_OBJECT_CONVERSION = YES_AGGRESSIVE;
				CLANG_CXX_LANGUAGE_STANDARD = "gnu++14";
				CLANG_CXX_LIBRARY = "libc++";
				CLANG_ENABLE_MODULES = YES;
				CLANG_ENABLE_OBJC_ARC = YES;
				CLANG_ENABLE_OBJC_WEAK = YES;
				CLANG_WARN_BLOCK_CAPTURE_AUTORELEASING = YES;
				CLANG_WARN_BOOL_CONVERSION = YES;
				CLANG_WARN_COMMA = YES;
				CLANG_WARN_CONSTANT_CONVERSION = YES;
				CLANG_WARN_DEPRECATED_OBJC_IMPLEMENTATIONS = YES;
				CLANG_WARN_DIRECT_OBJC_ISA_USAGE = YES_ERROR;
				CLANG_WARN_DOCUMENTATION_COMMENTS = YES;
				CLANG_WARN_EMPTY_BODY = YES;
				CLANG_WARN_ENUM_CONVERSION = YES;
				CLANG_WARN_INFINITE_RECURSION = YES;
				CLANG_WARN_INT_CONVERSION = YES;
				CLANG_WARN_NON_LITERAL_NULL_CONVERSION = YES;
				CLANG_WARN_OBJC_IMPLICIT_RETAIN_SELF = YES;
				CLANG_WARN_OBJC_LITERAL_CONVERSION = YES;
				CLANG_WARN_OBJC_ROOT_CLASS = YES_ERROR;
				CLANG_WARN_RANGE_LOOP_ANALYSIS = YES;
				CLANG_WARN_STRICT_PROTOTYPES = YES;
				CLANG_WARN_SUSPICIOUS_MOVE = YES;
				CLANG_WARN_UNGUARDED_AVAILABILITY = YES_AGGRESSIVE;
				CLANG_WARN_UNREACHABLE_CODE = YES;
				CLANG_WARN__DUPLICATE_METHOD_MATCH = YES;
				CODE_SIGN_IDENTITY = "iPhone Developer";
				COPY_PHASE_STRIP = NO;
				DEBUG_INFORMATION_FORMAT = "dwarf-with-dsym";
				ENABLE_NS_ASSERTIONS = NO;
				ENABLE_STRICT_OBJC_MSGSEND = YES;
				GCC_C_LANGUAGE_STANDARD = gnu11;
				GCC_NO_COMMON_BLOCKS = YES;
				GCC_WARN_64_TO_32_BIT_CONVERSION = YES;
				GCC_WARN_ABOUT_RETURN_TYPE = YES_ERROR;
				GCC_WARN_UNDECLARED_SELECTOR = YES;
				GCC_WARN_UNINITIALIZED_AUTOS = YES_AGGRESSIVE;
				GCC_WARN_UNUSED_FUNCTION = YES;
				GCC_WARN_UNUSED_VARIABLE = YES;
				IPHONEOS_DEPLOYMENT_TARGET = 11.4;
				MTL_ENABLE_DEBUG_INFO = NO;
				SDKROOT = iphoneos;
				SWIFT_COMPILATION_MODE = wholemodule;
				SWIFT_OPTIMIZATION_LEVEL = "-O";
				VALIDATE_PRODUCT = YES;
			};
			name = Release;
		};
		5548ABAB217890EC006B2232 /* Debug */ = {
			isa = XCBuildConfiguration;
			buildSettings = {
				ASSETCATALOG_COMPILER_APPICON_NAME = AppIcon;
				CODE_SIGN_STYLE = Automatic;
				INFOPLIST_FILE = SwiftGuide/Info.plist;
				LD_RUNPATH_SEARCH_PATHS = (
					"$(inherited)",
					"@executable_path/Frameworks",
				);
				PRODUCT_BUNDLE_IDENTIFIER = com.ticsmatic.SwiftGuide;
				PRODUCT_NAME = "$(TARGET_NAME)";
				SWIFT_VERSION = 4.0;
				TARGETED_DEVICE_FAMILY = "1,2";
			};
			name = Debug;
		};
		5548ABAC217890EC006B2232 /* Release */ = {
			isa = XCBuildConfiguration;
			buildSettings = {
				ASSETCATALOG_COMPILER_APPICON_NAME = AppIcon;
				CODE_SIGN_STYLE = Automatic;
				INFOPLIST_FILE = SwiftGuide/Info.plist;
				LD_RUNPATH_SEARCH_PATHS = (
					"$(inherited)",
					"@executable_path/Frameworks",
				);
				PRODUCT_BUNDLE_IDENTIFIER = com.ticsmatic.SwiftGuide;
				PRODUCT_NAME = "$(TARGET_NAME)";
				SWIFT_VERSION = 4.0;
				TARGETED_DEVICE_FAMILY = "1,2";
			};
			name = Release;
		};
/* End XCBuildConfiguration section */

/* Begin XCConfigurationList section */
		5548AB93217890EA006B2232 /* Build configuration list for PBXProject "SwiftGuide" */ = {
			isa = XCConfigurationList;
			buildConfigurations = (
				5548ABA8217890EC006B2232 /* Debug */,
				5548ABA9217890EC006B2232 /* Release */,
			);
			defaultConfigurationIsVisible = 0;
			defaultConfigurationName = Release;
		};
		5548ABAA217890EC006B2232 /* Build configuration list for PBXNativeTarget "SwiftGuide" */ = {
			isa = XCConfigurationList;
			buildConfigurations = (
				5548ABAB217890EC006B2232 /* Debug */,
				5548ABAC217890EC006B2232 /* Release */,
			);
			defaultConfigurationIsVisible = 0;
			defaultConfigurationName = Release;
		};
/* End XCConfigurationList section */
	};
	rootObject = 5548AB90217890EA006B2232 /* Project object */;
}
